// !$*UTF8*$!
{
	archiveVersion = 1;
	classes = {
	};
	objectVersion = 56;
	objects = {

/* Begin PBXBuildFile section */
		215EAF3C2BABD8F000ED63D4 /* MC1App.swift in Sources */ = {isa = PBXBuildFile; fileRef = 215EAF3B2BABD8F000ED63D4 /* MC1App.swift */; };
		215EAF402BABD8F100ED63D4 /* Assets.xcassets in Resources */ = {isa = PBXBuildFile; fileRef = 215EAF3F2BABD8F100ED63D4 /* Assets.xcassets */; };
		215EAF432BABD8F100ED63D4 /* Preview Assets.xcassets in Resources */ = {isa = PBXBuildFile; fileRef = 215EAF422BABD8F100ED63D4 /* Preview Assets.xcassets */; };
		21D7A2692BAD16E200EEE2A3 /* RecommandView.swift in Sources */ = {isa = PBXBuildFile; fileRef = 21D7A2612BAD16E200EEE2A3 /* RecommandView.swift */; };
		21D7A26A2BAD16E200EEE2A3 /* CardView.swift in Sources */ = {isa = PBXBuildFile; fileRef = 21D7A2622BAD16E200EEE2A3 /* CardView.swift */; };
		21D7A26B2BAD16E200EEE2A3 /* TypeView.swift in Sources */ = {isa = PBXBuildFile; fileRef = 21D7A2632BAD16E200EEE2A3 /* TypeView.swift */; };
		21D7A26C2BAD16E200EEE2A3 /* CardTestView.swift in Sources */ = {isa = PBXBuildFile; fileRef = 21D7A2642BAD16E200EEE2A3 /* CardTestView.swift */; };
		21D7A26D2BAD16E200EEE2A3 /* SurveyView.swift in Sources */ = {isa = PBXBuildFile; fileRef = 21D7A2652BAD16E200EEE2A3 /* SurveyView.swift */; };
		21D7A26E2BAD16E200EEE2A3 /* CardGroupView.swift in Sources */ = {isa = PBXBuildFile; fileRef = 21D7A2662BAD16E200EEE2A3 /* CardGroupView.swift */; };
		21D7A26F2BAD16E200EEE2A3 /* ToDoListView.swift in Sources */ = {isa = PBXBuildFile; fileRef = 21D7A2672BAD16E200EEE2A3 /* ToDoListView.swift */; };
		21D7A2702BAD16E200EEE2A3 /* ContentView.swift in Sources */ = {isa = PBXBuildFile; fileRef = 21D7A2682BAD16E200EEE2A3 /* ContentView.swift */; };
		21D7A2742BAD16ED00EEE2A3 /* CardData.swift in Sources */ = {isa = PBXBuildFile; fileRef = 21D7A2722BAD16ED00EEE2A3 /* CardData.swift */; };
		21D7A2752BAD16ED00EEE2A3 /* CardType.swift in Sources */ = {isa = PBXBuildFile; fileRef = 21D7A2732BAD16ED00EEE2A3 /* CardType.swift */; };
/* End PBXBuildFile section */

/* Begin PBXFileReference section */
		215EAF382BABD8F000ED63D4 /* MC1.app */ = {isa = PBXFileReference; explicitFileType = wrapper.application; includeInIndex = 0; path = MC1.app; sourceTree = BUILT_PRODUCTS_DIR; };
		215EAF3B2BABD8F000ED63D4 /* MC1App.swift */ = {isa = PBXFileReference; lastKnownFileType = sourcecode.swift; path = MC1App.swift; sourceTree = "<group>"; };
		215EAF3F2BABD8F100ED63D4 /* Assets.xcassets */ = {isa = PBXFileReference; lastKnownFileType = folder.assetcatalog; path = Assets.xcassets; sourceTree = "<group>"; };
		215EAF422BABD8F100ED63D4 /* Preview Assets.xcassets */ = {isa = PBXFileReference; lastKnownFileType = folder.assetcatalog; path = "Preview Assets.xcassets"; sourceTree = "<group>"; };
		21D7A2612BAD16E200EEE2A3 /* RecommandView.swift */ = {isa = PBXFileReference; fileEncoding = 4; lastKnownFileType = sourcecode.swift; path = RecommandView.swift; sourceTree = "<group>"; };
		21D7A2622BAD16E200EEE2A3 /* CardView.swift */ = {isa = PBXFileReference; fileEncoding = 4; lastKnownFileType = sourcecode.swift; path = CardView.swift; sourceTree = "<group>"; };
		21D7A2632BAD16E200EEE2A3 /* TypeView.swift */ = {isa = PBXFileReference; fileEncoding = 4; lastKnownFileType = sourcecode.swift; path = TypeView.swift; sourceTree = "<group>"; };
		21D7A2642BAD16E200EEE2A3 /* CardTestView.swift */ = {isa = PBXFileReference; fileEncoding = 4; lastKnownFileType = sourcecode.swift; path = CardTestView.swift; sourceTree = "<group>"; };
		21D7A2652BAD16E200EEE2A3 /* SurveyView.swift */ = {isa = PBXFileReference; fileEncoding = 4; lastKnownFileType = sourcecode.swift; path = SurveyView.swift; sourceTree = "<group>"; };
		21D7A2662BAD16E200EEE2A3 /* CardGroupView.swift */ = {isa = PBXFileReference; fileEncoding = 4; lastKnownFileType = sourcecode.swift; path = CardGroupView.swift; sourceTree = "<group>"; };
		21D7A2672BAD16E200EEE2A3 /* ToDoListView.swift */ = {isa = PBXFileReference; fileEncoding = 4; lastKnownFileType = sourcecode.swift; path = ToDoListView.swift; sourceTree = "<group>"; };
		21D7A2682BAD16E200EEE2A3 /* ContentView.swift */ = {isa = PBXFileReference; fileEncoding = 4; lastKnownFileType = sourcecode.swift; path = ContentView.swift; sourceTree = "<group>"; };
		21D7A2722BAD16ED00EEE2A3 /* CardData.swift */ = {isa = PBXFileReference; fileEncoding = 4; lastKnownFileType = sourcecode.swift; path = CardData.swift; sourceTree = "<group>"; };
		21D7A2732BAD16ED00EEE2A3 /* CardType.swift */ = {isa = PBXFileReference; fileEncoding = 4; lastKnownFileType = sourcecode.swift; path = CardType.swift; sourceTree = "<group>"; };
/* End PBXFileReference section */

/* Begin PBXFrameworksBuildPhase section */
		215EAF352BABD8F000ED63D4 /* Frameworks */ = {
			isa = PBXFrameworksBuildPhase;
			buildActionMask = 2147483647;
			files = (
			);
			runOnlyForDeploymentPostprocessing = 0;
		};
/* End PBXFrameworksBuildPhase section */

/* Begin PBXGroup section */
		215EAF2F2BABD8F000ED63D4 = {
			isa = PBXGroup;
			children = (
				215EAF3A2BABD8F000ED63D4 /* MC1 */,
				215EAF392BABD8F000ED63D4 /* Products */,
			);
			sourceTree = "<group>";
		};
		215EAF392BABD8F000ED63D4 /* Products */ = {
			isa = PBXGroup;
			children = (
				215EAF382BABD8F000ED63D4 /* MC1.app */,
			);
			name = Products;
			sourceTree = "<group>";
		};
		215EAF3A2BABD8F000ED63D4 /* MC1 */ = {
			isa = PBXGroup;
			children = (
				21D7A2712BAD16ED00EEE2A3 /* Model */,
				21D7A2602BAD16E200EEE2A3 /* View */,
				215EAF3B2BABD8F000ED63D4 /* MC1App.swift */,
				215EAF3F2BABD8F100ED63D4 /* Assets.xcassets */,
				215EAF412BABD8F100ED63D4 /* Preview Content */,
			);
			path = MC1;
			sourceTree = "<group>";
		};
		215EAF412BABD8F100ED63D4 /* Preview Content */ = {
			isa = PBXGroup;
			children = (
				215EAF422BABD8F100ED63D4 /* Preview Assets.xcassets */,
			);
			path = "Preview Content";
			sourceTree = "<group>";
		};
		21D7A2602BAD16E200EEE2A3 /* View */ = {
			isa = PBXGroup;
			children = (
				21D7A2662BAD16E200EEE2A3 /* CardGroupView.swift */,
				21D7A2642BAD16E200EEE2A3 /* CardTestView.swift */,
				21D7A2622BAD16E200EEE2A3 /* CardView.swift */,
				21D7A2682BAD16E200EEE2A3 /* ContentView.swift */,
				21D7A2612BAD16E200EEE2A3 /* RecommandView.swift */,
				21D7A2652BAD16E200EEE2A3 /* SurveyView.swift */,
				21D7A2672BAD16E200EEE2A3 /* ToDoListView.swift */,
				21D7A2632BAD16E200EEE2A3 /* TypeView.swift */,
			);
			path = View;
			sourceTree = "<group>";
		};
		21D7A2712BAD16ED00EEE2A3 /* Model */ = {
			isa = PBXGroup;
			children = (
				21D7A2722BAD16ED00EEE2A3 /* CardData.swift */,
				21D7A2732BAD16ED00EEE2A3 /* CardType.swift */,
			);
			path = Model;
			sourceTree = "<group>";
		};
/* End PBXGroup section */

/* Begin PBXNativeTarget section */
		215EAF372BABD8F000ED63D4 /* MC1 */ = {
			isa = PBXNativeTarget;
			buildConfigurationList = 215EAF462BABD8F100ED63D4 /* Build configuration list for PBXNativeTarget "MC1" */;
			buildPhases = (
				215EAF342BABD8F000ED63D4 /* Sources */,
				215EAF352BABD8F000ED63D4 /* Frameworks */,
				215EAF362BABD8F000ED63D4 /* Resources */,
			);
			buildRules = (
			);
			dependencies = (
			);
			name = MC1;
			productName = MC1;
			productReference = 215EAF382BABD8F000ED63D4 /* MC1.app */;
			productType = "com.apple.product-type.application";
		};
/* End PBXNativeTarget section */

/* Begin PBXProject section */
		215EAF302BABD8F000ED63D4 /* Project object */ = {
			isa = PBXProject;
			attributes = {
				BuildIndependentTargetsInParallel = 1;
				LastSwiftUpdateCheck = 1520;
				LastUpgradeCheck = 1520;
				TargetAttributes = {
					215EAF372BABD8F000ED63D4 = {
						CreatedOnToolsVersion = 15.2;
					};
				};
			};
			buildConfigurationList = 215EAF332BABD8F000ED63D4 /* Build configuration list for PBXProject "MC1" */;
			compatibilityVersion = "Xcode 14.0";
			developmentRegion = en;
			hasScannedForEncodings = 0;
			knownRegions = (
				en,
				Base,
			);
			mainGroup = 215EAF2F2BABD8F000ED63D4;
			productRefGroup = 215EAF392BABD8F000ED63D4 /* Products */;
			projectDirPath = "";
			projectRoot = "";
			targets = (
				215EAF372BABD8F000ED63D4 /* MC1 */,
			);
		};
/* End PBXProject section */

/* Begin PBXResourcesBuildPhase section */
		215EAF362BABD8F000ED63D4 /* Resources */ = {
			isa = PBXResourcesBuildPhase;
			buildActionMask = 2147483647;
			files = (
				215EAF432BABD8F100ED63D4 /* Preview Assets.xcassets in Resources */,
				215EAF402BABD8F100ED63D4 /* Assets.xcassets in Resources */,
			);
			runOnlyForDeploymentPostprocessing = 0;
		};
/* End PBXResourcesBuildPhase section */

/* Begin PBXSourcesBuildPhase section */
		215EAF342BABD8F000ED63D4 /* Sources */ = {
			isa = PBXSourcesBuildPhase;
			buildActionMask = 2147483647;
			files = (
				215EAF3C2BABD8F000ED63D4 /* MC1App.swift in Sources */,
				21D7A26A2BAD16E200EEE2A3 /* CardView.swift in Sources */,
				21D7A26F2BAD16E200EEE2A3 /* ToDoListView.swift in Sources */,
				21D7A26D2BAD16E200EEE2A3 /* SurveyView.swift in Sources */,
				21D7A26E2BAD16E200EEE2A3 /* CardGroupView.swift in Sources */,
				21D7A2742BAD16ED00EEE2A3 /* CardData.swift in Sources */,
				21D7A2702BAD16E200EEE2A3 /* ContentView.swift in Sources */,
				21D7A26C2BAD16E200EEE2A3 /* CardTestView.swift in Sources */,
				21D7A26B2BAD16E200EEE2A3 /* TypeView.swift in Sources */,
				21D7A2692BAD16E200EEE2A3 /* RecommandView.swift in Sources */,
				21D7A2752BAD16ED00EEE2A3 /* CardType.swift in Sources */,
			);
			runOnlyForDeploymentPostprocessing = 0;
		};
/* End PBXSourcesBuildPhase section */

/* Begin XCBuildConfiguration section */
		215EAF442BABD8F100ED63D4 /* Debug */ = {
			isa = XCBuildConfiguration;
			buildSettings = {
				ALWAYS_SEARCH_USER_PATHS = NO;
				ASSETCATALOG_COMPILER_GENERATE_SWIFT_ASSET_SYMBOL_EXTENSIONS = YES;
				CLANG_ANALYZER_NONNULL = YES;
				CLANG_ANALYZER_NUMBER_OBJECT_CONVERSION = YES_AGGRESSIVE;
				CLANG_CXX_LANGUAGE_STANDARD = "gnu++20";
				CLANG_ENABLE_MODULES = YES;
				CLANG_ENABLE_OBJC_ARC = YES;
				CLANG_ENABLE_OBJC_WEAK = YES;
				CLANG_WARN_BLOCK_CAPTURE_AUTORELEASING = YES;
				CLANG_WARN_BOOL_CONVERSION = YES;
				CLANG_WARN_COMMA = YES;
				CLANG_WARN_CONSTANT_CONVERSION = YES;
				CLANG_WARN_DEPRECATED_OBJC_IMPLEMENTATIONS = YES;
				CLANG_WARN_DIRECT_OBJC_ISA_USAGE = YES_ERROR;
				CLANG_WARN_DOCUMENTATION_COMMENTS = YES;
				CLANG_WARN_EMPTY_BODY = YES;
				CLANG_WARN_ENUM_CONVERSION = YES;
				CLANG_WARN_INFINITE_RECURSION = YES;
				CLANG_WARN_INT_CONVERSION = YES;
				CLANG_WARN_NON_LITERAL_NULL_CONVERSION = YES;
				CLANG_WARN_OBJC_IMPLICIT_RETAIN_SELF = YES;
				CLANG_WARN_OBJC_LITERAL_CONVERSION = YES;
				CLANG_WARN_OBJC_ROOT_CLASS = YES_ERROR;
				CLANG_WARN_QUOTED_INCLUDE_IN_FRAMEWORK_HEADER = YES;
				CLANG_WARN_RANGE_LOOP_ANALYSIS = YES;
				CLANG_WARN_STRICT_PROTOTYPES = YES;
				CLANG_WARN_SUSPICIOUS_MOVE = YES;
				CLANG_WARN_UNGUARDED_AVAILABILITY = YES_AGGRESSIVE;
				CLANG_WARN_UNREACHABLE_CODE = YES;
				CLANG_WARN__DUPLICATE_METHOD_MATCH = YES;
				COPY_PHASE_STRIP = NO;
				DEBUG_INFORMATION_FORMAT = dwarf;
				ENABLE_STRICT_OBJC_MSGSEND = YES;
				ENABLE_TESTABILITY = YES;
				ENABLE_USER_SCRIPT_SANDBOXING = YES;
				GCC_C_LANGUAGE_STANDARD = gnu17;
				GCC_DYNAMIC_NO_PIC = NO;
				GCC_NO_COMMON_BLOCKS = YES;
				GCC_OPTIMIZATION_LEVEL = 0;
				GCC_PREPROCESSOR_DEFINITIONS = (
					"DEBUG=1",
					"$(inherited)",
				);
				GCC_WARN_64_TO_32_BIT_CONVERSION = YES;
				GCC_WARN_ABOUT_RETURN_TYPE = YES_ERROR;
				GCC_WARN_UNDECLARED_SELECTOR = YES;
				GCC_WARN_UNINITIALIZED_AUTOS = YES_AGGRESSIVE;
				GCC_WARN_UNUSED_FUNCTION = YES;
				GCC_WARN_UNUSED_VARIABLE = YES;
				IPHONEOS_DEPLOYMENT_TARGET = 17.2;
				LOCALIZATION_PREFERS_STRING_CATALOGS = YES;
				MTL_ENABLE_DEBUG_INFO = INCLUDE_SOURCE;
				MTL_FAST_MATH = YES;
				ONLY_ACTIVE_ARCH = YES;
				SDKROOT = iphoneos;
				SWIFT_ACTIVE_COMPILATION_CONDITIONS = "DEBUG $(inherited)";
				SWIFT_OPTIMIZATION_LEVEL = "-Onone";
			};
			name = Debug;
		};
		215EAF452BABD8F100ED63D4 /* Release */ = {
			isa = XCBuildConfiguration;
			buildSettings = {
				ALWAYS_SEARCH_USER_PATHS = NO;
				ASSETCATALOG_COMPILER_GENERATE_SWIFT_ASSET_SYMBOL_EXTENSIONS = YES;
				CLANG_ANALYZER_NONNULL = YES;
				CLANG_ANALYZER_NUMBER_OBJECT_CONVERSION = YES_AGGRESSIVE;
				CLANG_CXX_LANGUAGE_STANDARD = "gnu++20";
				CLANG_ENABLE_MODULES = YES;
				CLANG_ENABLE_OBJC_ARC = YES;
				CLANG_ENABLE_OBJC_WEAK = YES;
				CLANG_WARN_BLOCK_CAPTURE_AUTORELEASING = YES;
				CLANG_WARN_BOOL_CONVERSION = YES;
				CLANG_WARN_COMMA = YES;
				CLANG_WARN_CONSTANT_CONVERSION = YES;
				CLANG_WARN_DEPRECATED_OBJC_IMPLEMENTATIONS = YES;
				CLANG_WARN_DIRECT_OBJC_ISA_USAGE = YES_ERROR;
				CLANG_WARN_DOCUMENTATION_COMMENTS = YES;
				CLANG_WARN_EMPTY_BODY = YES;
				CLANG_WARN_ENUM_CONVERSION = YES;
				CLANG_WARN_INFINITE_RECURSION = YES;
				CLANG_WARN_INT_CONVERSION = YES;
				CLANG_WARN_NON_LITERAL_NULL_CONVERSION = YES;
				CLANG_WARN_OBJC_IMPLICIT_RETAIN_SELF = YES;
				CLANG_WARN_OBJC_LITERAL_CONVERSION = YES;
				CLANG_WARN_OBJC_ROOT_CLASS = YES_ERROR;
				CLANG_WARN_QUOTED_INCLUDE_IN_FRAMEWORK_HEADER = YES;
				CLANG_WARN_RANGE_LOOP_ANALYSIS = YES;
				CLANG_WARN_STRICT_PROTOTYPES = YES;
				CLANG_WARN_SUSPICIOUS_MOVE = YES;
				CLANG_WARN_UNGUARDED_AVAILABILITY = YES_AGGRESSIVE;
				CLANG_WARN_UNREACHABLE_CODE = YES;
				CLANG_WARN__DUPLICATE_METHOD_MATCH = YES;
				COPY_PHASE_STRIP = NO;
				DEBUG_INFORMATION_FORMAT = "dwarf-with-dsym";
				ENABLE_NS_ASSERTIONS = NO;
				ENABLE_STRICT_OBJC_MSGSEND = YES;
				ENABLE_USER_SCRIPT_SANDBOXING = YES;
				GCC_C_LANGUAGE_STANDARD = gnu17;
				GCC_NO_COMMON_BLOCKS = YES;
				GCC_WARN_64_TO_32_BIT_CONVERSION = YES;
				GCC_WARN_ABOUT_RETURN_TYPE = YES_ERROR;
				GCC_WARN_UNDECLARED_SELECTOR = YES;
				GCC_WARN_UNINITIALIZED_AUTOS = YES_AGGRESSIVE;
				GCC_WARN_UNUSED_FUNCTION = YES;
				GCC_WARN_UNUSED_VARIABLE = YES;
				IPHONEOS_DEPLOYMENT_TARGET = 17.2;
				LOCALIZATION_PREFERS_STRING_CATALOGS = YES;
				MTL_ENABLE_DEBUG_INFO = NO;
				MTL_FAST_MATH = YES;
				SDKROOT = iphoneos;
				SWIFT_COMPILATION_MODE = wholemodule;
				VALIDATE_PRODUCT = YES;
			};
			name = Release;
		};
		215EAF472BABD8F100ED63D4 /* Debug */ = {
			isa = XCBuildConfiguration;
			buildSettings = {
				ASSETCATALOG_COMPILER_APPICON_NAME = AppIcon;
				ASSETCATALOG_COMPILER_GLOBAL_ACCENT_COLOR_NAME = AccentColor;
				CODE_SIGN_STYLE = Automatic;
				CURRENT_PROJECT_VERSION = 1;
				DEVELOPMENT_ASSET_PATHS = "\"MC1/Preview Content\"";
				DEVELOPMENT_TEAM = F5WP2FDW4U;
				ENABLE_PREVIEWS = YES;
				GENERATE_INFOPLIST_FILE = YES;
				INFOPLIST_KEY_UIApplicationSceneManifest_Generation = YES;
				INFOPLIST_KEY_UIApplicationSupportsIndirectInputEvents = YES;
				INFOPLIST_KEY_UILaunchScreen_Generation = YES;
				INFOPLIST_KEY_UISupportedInterfaceOrientations_iPad = "UIInterfaceOrientationPortrait UIInterfaceOrientationPortraitUpsideDown UIInterfaceOrientationLandscapeLeft UIInterfaceOrientationLandscapeRight";
				INFOPLIST_KEY_UISupportedInterfaceOrientations_iPhone = "UIInterfaceOrientationPortrait UIInterfaceOrientationLandscapeLeft UIInterfaceOrientationLandscapeRight";
				LD_RUNPATH_SEARCH_PATHS = (
					"$(inherited)",
					"@executable_path/Frameworks",
				);
				MARKETING_VERSION = 1.0;
				PRODUCT_BUNDLE_IDENTIFIER = com.ADA.MC1;
				PRODUCT_NAME = "$(TARGET_NAME)";
				SWIFT_EMIT_LOC_STRINGS = YES;
				SWIFT_VERSION = 5.0;
				TARGETED_DEVICE_FAMILY = "1,2";
			};
			name = Debug;
		};
		215EAF482BABD8F100ED63D4 /* Release */ = {
			isa = XCBuildConfiguration;
			buildSettings = {
				ASSETCATALOG_COMPILER_APPICON_NAME = AppIcon;
				ASSETCATALOG_COMPILER_GLOBAL_ACCENT_COLOR_NAME = AccentColor;
				CODE_SIGN_STYLE = Automatic;
				CURRENT_PROJECT_VERSION = 1;
				DEVELOPMENT_ASSET_PATHS = "\"MC1/Preview Content\"";
				DEVELOPMENT_TEAM = F5WP2FDW4U;
				ENABLE_PREVIEWS = YES;
				GENERATE_INFOPLIST_FILE = YES;
				INFOPLIST_KEY_UIApplicationSceneManifest_Generation = YES;
				INFOPLIST_KEY_UIApplicationSupportsIndirectInputEvents = YES;
				INFOPLIST_KEY_UILaunchScreen_Generation = YES;
				INFOPLIST_KEY_UISupportedInterfaceOrientations_iPad = "UIInterfaceOrientationPortrait UIInterfaceOrientationPortraitUpsideDown UIInterfaceOrientationLandscapeLeft UIInterfaceOrientationLandscapeRight";
				INFOPLIST_KEY_UISupportedInterfaceOrientations_iPhone = "UIInterfaceOrientationPortrait UIInterfaceOrientationLandscapeLeft UIInterfaceOrientationLandscapeRight";
				LD_RUNPATH_SEARCH_PATHS = (
					"$(inherited)",
					"@executable_path/Frameworks",
				);
				MARKETING_VERSION = 1.0;
				PRODUCT_BUNDLE_IDENTIFIER = com.ADA.MC1;
				PRODUCT_NAME = "$(TARGET_NAME)";
				SWIFT_EMIT_LOC_STRINGS = YES;
				SWIFT_VERSION = 5.0;
				TARGETED_DEVICE_FAMILY = "1,2";
			};
			name = Release;
		};
/* End XCBuildConfiguration section */

/* Begin XCConfigurationList section */
		215EAF332BABD8F000ED63D4 /* Build configuration list for PBXProject "MC1" */ = {
			isa = XCConfigurationList;
			buildConfigurations = (
				215EAF442BABD8F100ED63D4 /* Debug */,
				215EAF452BABD8F100ED63D4 /* Release */,
			);
			defaultConfigurationIsVisible = 0;
			defaultConfigurationName = Release;
		};
		215EAF462BABD8F100ED63D4 /* Build configuration list for PBXNativeTarget "MC1" */ = {
			isa = XCConfigurationList;
			buildConfigurations = (
				215EAF472BABD8F100ED63D4 /* Debug */,
				215EAF482BABD8F100ED63D4 /* Release */,
			);
			defaultConfigurationIsVisible = 0;
			defaultConfigurationName = Release;
		};
/* End XCConfigurationList section */
	};
	rootObject = 215EAF302BABD8F000ED63D4 /* Project object */;
}
